
Microsoft Visual Studio Solution File, Format Version 12.00
# Visual Studio Version 16
VisualStudioVersion = 25.0.1706.14
MinimumVisualStudioVersion = 10.0.40219.1
Project("{FAE04EC0-301F-11D3-BF4B-00C04F79EFBC}") = "MidTermProject", "MidTermProject\MidTermProject.csproj", "{0232D183-2430-4D83-A37A-0DDC25F76590}"
EndProject
Global
	GlobalSection(SolutionConfigurationPlatforms) = preSolution
		Debug|Any CPU = Debug|Any CPU
		Release|Any CPU = Release|Any CPU
	EndGlobalSection
	GlobalSection(ProjectConfigurationPlatforms) = postSolution
		{0232D183-2430-4D83-A37A-0DDC25F76590}.Debug|Any CPU.ActiveCfg = Debug|Any CPU
		{0232D183-2430-4D83-A37A-0DDC25F76590}.Debug|Any CPU.Build.0 = Debug|Any CPU
		{0232D183-2430-4D83-A37A-0DDC25F76590}.Release|Any CPU.ActiveCfg = Release|Any CPU
		{0232D183-2430-4D83-A37A-0DDC25F76590}.Release|Any CPU.Build.0 = Release|Any CPU
	EndGlobalSection
	GlobalSection(SolutionProperties) = preSolution
		HideSolutionNode = FALSE
	EndGlobalSection
	GlobalSection(ExtensibilityGlobals) = postSolution
		SolutionGuid = {A1CB5029-8B82-49E4-94A2-B311492E0ACC}
	EndGlobalSection
EndGlobal
